// !$*UTF8*$!
{
	archiveVersion = 1;
	classes = {
	};
	objectVersion = 56;
	objects = {

/* Begin PBXBuildFile section */
		520D5C462A965AD900C82731 /* AppDelegate.swift in Sources */ = {isa = PBXBuildFile; fileRef = 520D5C452A965AD900C82731 /* AppDelegate.swift */; };
		520D5C4F2A965ADB00C82731 /* Assets.xcassets in Resources */ = {isa = PBXBuildFile; fileRef = 520D5C4E2A965ADB00C82731 /* Assets.xcassets */; };
		520D5C522A965ADB00C82731 /* LaunchScreen.storyboard in Resources */ = {isa = PBXBuildFile; fileRef = 520D5C502A965ADB00C82731 /* LaunchScreen.storyboard */; };
		520D5C5D2A965D0F00C82731 /* Coordinator.swift in Sources */ = {isa = PBXBuildFile; fileRef = 520D5C5C2A965D0F00C82731 /* Coordinator.swift */; };
		520D5C5F2A965D5900C82731 /* AppCoordinator.swift in Sources */ = {isa = PBXBuildFile; fileRef = 520D5C5E2A965D5900C82731 /* AppCoordinator.swift */; };
		520D5C622A965DF100C82731 /* ApiClient.swift in Sources */ = {isa = PBXBuildFile; fileRef = 520D5C612A965DF100C82731 /* ApiClient.swift */; };
		520D5C652A965F7400C82731 /* EndPoints.swift in Sources */ = {isa = PBXBuildFile; fileRef = 520D5C642A965F7400C82731 /* EndPoints.swift */; };
		520D5C672A96616200C82731 /* Home.storyboard in Resources */ = {isa = PBXBuildFile; fileRef = 520D5C662A96616200C82731 /* Home.storyboard */; };
		520D5C6E2A96628100C82731 /* MoviesListViewController.swift in Sources */ = {isa = PBXBuildFile; fileRef = 520D5C6D2A96628100C82731 /* MoviesListViewController.swift */; };
		520D5C702A9662E400C82731 /* HomeCoordinator.swift in Sources */ = {isa = PBXBuildFile; fileRef = 520D5C6F2A9662E400C82731 /* HomeCoordinator.swift */; };
		520D5C722A9663F700C82731 /* HomeViewModel.swift in Sources */ = {isa = PBXBuildFile; fileRef = 520D5C712A9663F700C82731 /* HomeViewModel.swift */; };
		520D5C742A96648C00C82731 /* HomeApiService.swift in Sources */ = {isa = PBXBuildFile; fileRef = 520D5C732A96648C00C82731 /* HomeApiService.swift */; };
		520D5C772A96669500C82731 /* UIStoryboard.swift in Sources */ = {isa = PBXBuildFile; fileRef = 520D5C762A96669500C82731 /* UIStoryboard.swift */; };
		520D5C792A966FDA00C82731 /* Movies.swift in Sources */ = {isa = PBXBuildFile; fileRef = 520D5C782A966FDA00C82731 /* Movies.swift */; };
		520D5C7B2A96838400C82731 /* ReusableView.swift in Sources */ = {isa = PBXBuildFile; fileRef = 520D5C7A2A96838400C82731 /* ReusableView.swift */; };
		520D5C7F2A96843500C82731 /* MovieTableViewCell.swift in Sources */ = {isa = PBXBuildFile; fileRef = 520D5C7D2A96843500C82731 /* MovieTableViewCell.swift */; };
		520D5C802A96843500C82731 /* MovieTableViewCell.xib in Resources */ = {isa = PBXBuildFile; fileRef = 520D5C7E2A96843500C82731 /* MovieTableViewCell.xib */; };
		520D5C822A96888D00C82731 /* DetailMovieViewController.swift in Sources */ = {isa = PBXBuildFile; fileRef = 520D5C812A96888D00C82731 /* DetailMovieViewController.swift */; };
		520D5C852A968CF600C82731 /* SDWebImage in Frameworks */ = {isa = PBXBuildFile; productRef = 520D5C842A968CF600C82731 /* SDWebImage */; };
		520D5C872A9690AB00C82731 /* String.swift in Sources */ = {isa = PBXBuildFile; fileRef = 520D5C862A9690AB00C82731 /* String.swift */; };
		520D5C892A97680C00C82731 /* DetailMovie.swift in Sources */ = {isa = PBXBuildFile; fileRef = 520D5C882A97680C00C82731 /* DetailMovie.swift */; };
		520D5C8B2A97718D00C82731 /* UIViewController.swift in Sources */ = {isa = PBXBuildFile; fileRef = 520D5C8A2A97718D00C82731 /* UIViewController.swift */; };
		520D5C8D2A9773B900C82731 /* Localizable.strings in Resources */ = {isa = PBXBuildFile; fileRef = 520D5C8C2A9773B900C82731 /* Localizable.strings */; };
		520D5C8F2A97794F00C82731 /* MovieProtocol.swift in Sources */ = {isa = PBXBuildFile; fileRef = 520D5C8E2A97794F00C82731 /* MovieProtocol.swift */; };
/* End PBXBuildFile section */

/* Begin PBXFileReference section */
		520D5C422A965AD800C82731 /* TheBestMovies.app */ = {isa = PBXFileReference; explicitFileType = wrapper.application; includeInIndex = 0; path = TheBestMovies.app; sourceTree = BUILT_PRODUCTS_DIR; };
		520D5C452A965AD900C82731 /* AppDelegate.swift */ = {isa = PBXFileReference; lastKnownFileType = sourcecode.swift; path = AppDelegate.swift; sourceTree = "<group>"; };
		520D5C4E2A965ADB00C82731 /* Assets.xcassets */ = {isa = PBXFileReference; lastKnownFileType = folder.assetcatalog; path = Assets.xcassets; sourceTree = "<group>"; };
		520D5C512A965ADB00C82731 /* Base */ = {isa = PBXFileReference; lastKnownFileType = file.storyboard; name = Base; path = Base.lproj/LaunchScreen.storyboard; sourceTree = "<group>"; };
		520D5C532A965ADB00C82731 /* Info.plist */ = {isa = PBXFileReference; lastKnownFileType = text.plist.xml; path = Info.plist; sourceTree = "<group>"; };
		520D5C5C2A965D0F00C82731 /* Coordinator.swift */ = {isa = PBXFileReference; lastKnownFileType = sourcecode.swift; path = Coordinator.swift; sourceTree = "<group>"; };
		520D5C5E2A965D5900C82731 /* AppCoordinator.swift */ = {isa = PBXFileReference; lastKnownFileType = sourcecode.swift; path = AppCoordinator.swift; sourceTree = "<group>"; };
		520D5C612A965DF100C82731 /* ApiClient.swift */ = {isa = PBXFileReference; lastKnownFileType = sourcecode.swift; path = ApiClient.swift; sourceTree = "<group>"; };
		520D5C642A965F7400C82731 /* EndPoints.swift */ = {isa = PBXFileReference; lastKnownFileType = sourcecode.swift; path = EndPoints.swift; sourceTree = "<group>"; };
		520D5C662A96616200C82731 /* Home.storyboard */ = {isa = PBXFileReference; lastKnownFileType = file.storyboard; path = Home.storyboard; sourceTree = "<group>"; };
		520D5C6D2A96628100C82731 /* MoviesListViewController.swift */ = {isa = PBXFileReference; lastKnownFileType = sourcecode.swift; path = MoviesListViewController.swift; sourceTree = "<group>"; };
		520D5C6F2A9662E400C82731 /* HomeCoordinator.swift */ = {isa = PBXFileReference; lastKnownFileType = sourcecode.swift; path = HomeCoordinator.swift; sourceTree = "<group>"; };
		520D5C712A9663F700C82731 /* HomeViewModel.swift */ = {isa = PBXFileReference; lastKnownFileType = sourcecode.swift; path = HomeViewModel.swift; sourceTree = "<group>"; };
		520D5C732A96648C00C82731 /* HomeApiService.swift */ = {isa = PBXFileReference; lastKnownFileType = sourcecode.swift; path = HomeApiService.swift; sourceTree = "<group>"; };
		520D5C762A96669500C82731 /* UIStoryboard.swift */ = {isa = PBXFileReference; lastKnownFileType = sourcecode.swift; path = UIStoryboard.swift; sourceTree = "<group>"; };
		520D5C782A966FDA00C82731 /* Movies.swift */ = {isa = PBXFileReference; lastKnownFileType = sourcecode.swift; path = Movies.swift; sourceTree = "<group>"; };
		520D5C7A2A96838400C82731 /* ReusableView.swift */ = {isa = PBXFileReference; lastKnownFileType = sourcecode.swift; path = ReusableView.swift; sourceTree = "<group>"; };
		520D5C7D2A96843500C82731 /* MovieTableViewCell.swift */ = {isa = PBXFileReference; lastKnownFileType = sourcecode.swift; path = MovieTableViewCell.swift; sourceTree = "<group>"; };
		520D5C7E2A96843500C82731 /* MovieTableViewCell.xib */ = {isa = PBXFileReference; lastKnownFileType = file.xib; path = MovieTableViewCell.xib; sourceTree = "<group>"; };
		520D5C812A96888D00C82731 /* DetailMovieViewController.swift */ = {isa = PBXFileReference; lastKnownFileType = sourcecode.swift; path = DetailMovieViewController.swift; sourceTree = "<group>"; };
		520D5C862A9690AB00C82731 /* String.swift */ = {isa = PBXFileReference; lastKnownFileType = sourcecode.swift; path = String.swift; sourceTree = "<group>"; };
		520D5C882A97680C00C82731 /* DetailMovie.swift */ = {isa = PBXFileReference; lastKnownFileType = sourcecode.swift; path = DetailMovie.swift; sourceTree = "<group>"; };
		520D5C8A2A97718D00C82731 /* UIViewController.swift */ = {isa = PBXFileReference; lastKnownFileType = sourcecode.swift; path = UIViewController.swift; sourceTree = "<group>"; };
		520D5C8C2A9773B900C82731 /* Localizable.strings */ = {isa = PBXFileReference; lastKnownFileType = text.plist.strings; path = Localizable.strings; sourceTree = "<group>"; };
		520D5C8E2A97794F00C82731 /* MovieProtocol.swift */ = {isa = PBXFileReference; lastKnownFileType = sourcecode.swift; path = MovieProtocol.swift; sourceTree = "<group>"; };
/* End PBXFileReference section */

/* Begin PBXFrameworksBuildPhase section */
		520D5C3F2A965AD800C82731 /* Frameworks */ = {
			isa = PBXFrameworksBuildPhase;
			buildActionMask = 2147483647;
			files = (
				520D5C852A968CF600C82731 /* SDWebImage in Frameworks */,
			);
			runOnlyForDeploymentPostprocessing = 0;
		};
/* End PBXFrameworksBuildPhase section */

/* Begin PBXGroup section */
		520D5C392A965AD800C82731 = {
			isa = PBXGroup;
			children = (
				520D5C442A965AD800C82731 /* TheBestMovies */,
				520D5C432A965AD800C82731 /* Products */,
			);
			sourceTree = "<group>";
		};
		520D5C432A965AD800C82731 /* Products */ = {
			isa = PBXGroup;
			children = (
				520D5C422A965AD800C82731 /* TheBestMovies.app */,
			);
			name = Products;
			sourceTree = "<group>";
		};
		520D5C442A965AD800C82731 /* TheBestMovies */ = {
			isa = PBXGroup;
			children = (
				520D5C752A96668200C82731 /* Helpers */,
				520D5C632A965F6100C82731 /* Config */,
				520D5C602A965DDA00C82731 /* Networking */,
				520D5C5A2A965CAE00C82731 /* Scenes */,
				520D5C592A965C6C00C82731 /* Resources */,
				520D5C452A965AD900C82731 /* AppDelegate.swift */,
				520D5C532A965ADB00C82731 /* Info.plist */,
			);
			path = TheBestMovies;
			sourceTree = "<group>";
		};
		520D5C592A965C6C00C82731 /* Resources */ = {
			isa = PBXGroup;
			children = (
				520D5C4E2A965ADB00C82731 /* Assets.xcassets */,
				520D5C502A965ADB00C82731 /* LaunchScreen.storyboard */,
				520D5C8C2A9773B900C82731 /* Localizable.strings */,
			);
			path = Resources;
			sourceTree = "<group>";
		};
		520D5C5A2A965CAE00C82731 /* Scenes */ = {
			isa = PBXGroup;
			children = (
				520D5C5B2A965CCC00C82731 /* Home */,
				520D5C5C2A965D0F00C82731 /* Coordinator.swift */,
				520D5C5E2A965D5900C82731 /* AppCoordinator.swift */,
			);
			path = Scenes;
			sourceTree = "<group>";
		};
		520D5C5B2A965CCC00C82731 /* Home */ = {
			isa = PBXGroup;
			children = (
				520D5C6F2A9662E400C82731 /* HomeCoordinator.swift */,
				520D5C662A96616200C82731 /* Home.storyboard */,
				520D5C682A96619300C82731 /* Models */,
				520D5C692A96619E00C82731 /* ViewModels */,
				520D5C6A2A9661B600C82731 /* Views */,
				520D5C6B2A9661C100C82731 /* ViewControllers */,
				520D5C6C2A9661DD00C82731 /* Services */,
			);
			path = Home;
			sourceTree = "<group>";
		};
		520D5C602A965DDA00C82731 /* Networking */ = {
			isa = PBXGroup;
			children = (
				520D5C612A965DF100C82731 /* ApiClient.swift */,
			);
			path = Networking;
			sourceTree = "<group>";
		};
		520D5C632A965F6100C82731 /* Config */ = {
			isa = PBXGroup;
			children = (
				520D5C642A965F7400C82731 /* EndPoints.swift */,
			);
			path = Config;
			sourceTree = "<group>";
		};
		520D5C682A96619300C82731 /* Models */ = {
			isa = PBXGroup;
			children = (
				520D5C782A966FDA00C82731 /* Movies.swift */,
				520D5C882A97680C00C82731 /* DetailMovie.swift */,
				520D5C8E2A97794F00C82731 /* MovieProtocol.swift */,
			);
			path = Models;
			sourceTree = "<group>";
		};
		520D5C692A96619E00C82731 /* ViewModels */ = {
			isa = PBXGroup;
			children = (
				520D5C712A9663F700C82731 /* HomeViewModel.swift */,
			);
			path = ViewModels;
			sourceTree = "<group>";
		};
		520D5C6A2A9661B600C82731 /* Views */ = {
			isa = PBXGroup;
			children = (
				520D5C7C2A96841A00C82731 /* Cells */,
			);
			path = Views;
			sourceTree = "<group>";
		};
		520D5C6B2A9661C100C82731 /* ViewControllers */ = {
			isa = PBXGroup;
			children = (
				520D5C6D2A96628100C82731 /* MoviesListViewController.swift */,
				520D5C812A96888D00C82731 /* DetailMovieViewController.swift */,
			);
			path = ViewControllers;
			sourceTree = "<group>";
		};
		520D5C6C2A9661DD00C82731 /* Services */ = {
			isa = PBXGroup;
			children = (
				520D5C732A96648C00C82731 /* HomeApiService.swift */,
			);
			path = Services;
			sourceTree = "<group>";
		};
		520D5C752A96668200C82731 /* Helpers */ = {
			isa = PBXGroup;
			children = (
				520D5C762A96669500C82731 /* UIStoryboard.swift */,
				520D5C7A2A96838400C82731 /* ReusableView.swift */,
				520D5C862A9690AB00C82731 /* String.swift */,
				520D5C8A2A97718D00C82731 /* UIViewController.swift */,
			);
			path = Helpers;
			sourceTree = "<group>";
		};
		520D5C7C2A96841A00C82731 /* Cells */ = {
			isa = PBXGroup;
			children = (
				520D5C7D2A96843500C82731 /* MovieTableViewCell.swift */,
				520D5C7E2A96843500C82731 /* MovieTableViewCell.xib */,
			);
			path = Cells;
			sourceTree = "<group>";
		};
/* End PBXGroup section */

/* Begin PBXNativeTarget section */
		520D5C412A965AD800C82731 /* TheBestMovies */ = {
			isa = PBXNativeTarget;
			buildConfigurationList = 520D5C562A965ADB00C82731 /* Build configuration list for PBXNativeTarget "TheBestMovies" */;
			buildPhases = (
				520D5C3E2A965AD800C82731 /* Sources */,
				520D5C3F2A965AD800C82731 /* Frameworks */,
				520D5C402A965AD800C82731 /* Resources */,
			);
			buildRules = (
			);
			dependencies = (
			);
			name = TheBestMovies;
			packageProductDependencies = (
				520D5C842A968CF600C82731 /* SDWebImage */,
			);
			productName = TheBestMovies;
			productReference = 520D5C422A965AD800C82731 /* TheBestMovies.app */;
			productType = "com.apple.product-type.application";
		};
/* End PBXNativeTarget section */

/* Begin PBXProject section */
		520D5C3A2A965AD800C82731 /* Project object */ = {
			isa = PBXProject;
			attributes = {
				BuildIndependentTargetsInParallel = 1;
				LastSwiftUpdateCheck = 1410;
				LastUpgradeCheck = 1410;
				TargetAttributes = {
					520D5C412A965AD800C82731 = {
						CreatedOnToolsVersion = 14.1;
					};
				};
			};
			buildConfigurationList = 520D5C3D2A965AD800C82731 /* Build configuration list for PBXProject "TheBestMovies" */;
			compatibilityVersion = "Xcode 14.0";
			developmentRegion = en;
			hasScannedForEncodings = 0;
			knownRegions = (
				en,
				Base,
			);
			mainGroup = 520D5C392A965AD800C82731;
			packageReferences = (
				520D5C832A968CF600C82731 /* XCRemoteSwiftPackageReference "SDWebImage" */,
			);
			productRefGroup = 520D5C432A965AD800C82731 /* Products */;
			projectDirPath = "";
			projectRoot = "";
			targets = (
				520D5C412A965AD800C82731 /* TheBestMovies */,
			);
		};
/* End PBXProject section */

/* Begin PBXResourcesBuildPhase section */
		520D5C402A965AD800C82731 /* Resources */ = {
			isa = PBXResourcesBuildPhase;
			buildActionMask = 2147483647;
			files = (
				520D5C8D2A9773B900C82731 /* Localizable.strings in Resources */,
				520D5C672A96616200C82731 /* Home.storyboard in Resources */,
				520D5C522A965ADB00C82731 /* LaunchScreen.storyboard in Resources */,
				520D5C802A96843500C82731 /* MovieTableViewCell.xib in Resources */,
				520D5C4F2A965ADB00C82731 /* Assets.xcassets in Resources */,
			);
			runOnlyForDeploymentPostprocessing = 0;
		};
/* End PBXResourcesBuildPhase section */

/* Begin PBXSourcesBuildPhase section */
		520D5C3E2A965AD800C82731 /* Sources */ = {
			isa = PBXSourcesBuildPhase;
			buildActionMask = 2147483647;
			files = (
				520D5C5F2A965D5900C82731 /* AppCoordinator.swift in Sources */,
				520D5C792A966FDA00C82731 /* Movies.swift in Sources */,
				520D5C822A96888D00C82731 /* DetailMovieViewController.swift in Sources */,
				520D5C462A965AD900C82731 /* AppDelegate.swift in Sources */,
				520D5C7B2A96838400C82731 /* ReusableView.swift in Sources */,
				520D5C5D2A965D0F00C82731 /* Coordinator.swift in Sources */,
				520D5C722A9663F700C82731 /* HomeViewModel.swift in Sources */,
				520D5C652A965F7400C82731 /* EndPoints.swift in Sources */,
				520D5C8B2A97718D00C82731 /* UIViewController.swift in Sources */,
				520D5C622A965DF100C82731 /* ApiClient.swift in Sources */,
				520D5C772A96669500C82731 /* UIStoryboard.swift in Sources */,
				520D5C702A9662E400C82731 /* HomeCoordinator.swift in Sources */,
				520D5C742A96648C00C82731 /* HomeApiService.swift in Sources */,
				520D5C872A9690AB00C82731 /* String.swift in Sources */,
				520D5C8F2A97794F00C82731 /* MovieProtocol.swift in Sources */,
				520D5C6E2A96628100C82731 /* MoviesListViewController.swift in Sources */,
				520D5C7F2A96843500C82731 /* MovieTableViewCell.swift in Sources */,
				520D5C892A97680C00C82731 /* DetailMovie.swift in Sources */,
			);
			runOnlyForDeploymentPostprocessing = 0;
		};
/* End PBXSourcesBuildPhase section */

/* Begin PBXVariantGroup section */
		520D5C502A965ADB00C82731 /* LaunchScreen.storyboard */ = {
			isa = PBXVariantGroup;
			children = (
				520D5C512A965ADB00C82731 /* Base */,
			);
			name = LaunchScreen.storyboard;
			sourceTree = "<group>";
		};
/* End PBXVariantGroup section */

/* Begin XCBuildConfiguration section */
		520D5C542A965ADB00C82731 /* Debug */ = {
			isa = XCBuildConfiguration;
			buildSettings = {
				ALWAYS_SEARCH_USER_PATHS = NO;
				CLANG_ANALYZER_NONNULL = YES;
				CLANG_ANALYZER_NUMBER_OBJECT_CONVERSION = YES_AGGRESSIVE;
				CLANG_CXX_LANGUAGE_STANDARD = "gnu++20";
				CLANG_ENABLE_MODULES = YES;
				CLANG_ENABLE_OBJC_ARC = YES;
				CLANG_ENABLE_OBJC_WEAK = YES;
				CLANG_WARN_BLOCK_CAPTURE_AUTORELEASING = YES;
				CLANG_WARN_BOOL_CONVERSION = YES;
				CLANG_WARN_COMMA = YES;
				CLANG_WARN_CONSTANT_CONVERSION = YES;
				CLANG_WARN_DEPRECATED_OBJC_IMPLEMENTATIONS = YES;
				CLANG_WARN_DIRECT_OBJC_ISA_USAGE = YES_ERROR;
				CLANG_WARN_DOCUMENTATION_COMMENTS = YES;
				CLANG_WARN_EMPTY_BODY = YES;
				CLANG_WARN_ENUM_CONVERSION = YES;
				CLANG_WARN_INFINITE_RECURSION = YES;
				CLANG_WARN_INT_CONVERSION = YES;
				CLANG_WARN_NON_LITERAL_NULL_CONVERSION = YES;
				CLANG_WARN_OBJC_IMPLICIT_RETAIN_SELF = YES;
				CLANG_WARN_OBJC_LITERAL_CONVERSION = YES;
				CLANG_WARN_OBJC_ROOT_CLASS = YES_ERROR;
				CLANG_WARN_QUOTED_INCLUDE_IN_FRAMEWORK_HEADER = YES;
				CLANG_WARN_RANGE_LOOP_ANALYSIS = YES;
				CLANG_WARN_STRICT_PROTOTYPES = YES;
				CLANG_WARN_SUSPICIOUS_MOVE = YES;
				CLANG_WARN_UNGUARDED_AVAILABILITY = YES_AGGRESSIVE;
				CLANG_WARN_UNREACHABLE_CODE = YES;
				CLANG_WARN__DUPLICATE_METHOD_MATCH = YES;
				COPY_PHASE_STRIP = NO;
				DEBUG_INFORMATION_FORMAT = dwarf;
				ENABLE_STRICT_OBJC_MSGSEND = YES;
				ENABLE_TESTABILITY = YES;
				GCC_C_LANGUAGE_STANDARD = gnu11;
				GCC_DYNAMIC_NO_PIC = NO;
				GCC_NO_COMMON_BLOCKS = YES;
				GCC_OPTIMIZATION_LEVEL = 0;
				GCC_PREPROCESSOR_DEFINITIONS = (
					"DEBUG=1",
					"$(inherited)",
				);
				GCC_WARN_64_TO_32_BIT_CONVERSION = YES;
				GCC_WARN_ABOUT_RETURN_TYPE = YES_ERROR;
				GCC_WARN_UNDECLARED_SELECTOR = YES;
				GCC_WARN_UNINITIALIZED_AUTOS = YES_AGGRESSIVE;
				GCC_WARN_UNUSED_FUNCTION = YES;
				GCC_WARN_UNUSED_VARIABLE = YES;
				IPHONEOS_DEPLOYMENT_TARGET = 16.1;
				MTL_ENABLE_DEBUG_INFO = INCLUDE_SOURCE;
				MTL_FAST_MATH = YES;
				ONLY_ACTIVE_ARCH = YES;
				SDKROOT = iphoneos;
				SWIFT_ACTIVE_COMPILATION_CONDITIONS = DEBUG;
				SWIFT_OPTIMIZATION_LEVEL = "-Onone";
			};
			name = Debug;
		};
		520D5C552A965ADB00C82731 /* Release */ = {
			isa = XCBuildConfiguration;
			buildSettings = {
				ALWAYS_SEARCH_USER_PATHS = NO;
				CLANG_ANALYZER_NONNULL = YES;
				CLANG_ANALYZER_NUMBER_OBJECT_CONVERSION = YES_AGGRESSIVE;
				CLANG_CXX_LANGUAGE_STANDARD = "gnu++20";
				CLANG_ENABLE_MODULES = YES;
				CLANG_ENABLE_OBJC_ARC = YES;
				CLANG_ENABLE_OBJC_WEAK = YES;
				CLANG_WARN_BLOCK_CAPTURE_AUTORELEASING = YES;
				CLANG_WARN_BOOL_CONVERSION = YES;
				CLANG_WARN_COMMA = YES;
				CLANG_WARN_CONSTANT_CONVERSION = YES;
				CLANG_WARN_DEPRECATED_OBJC_IMPLEMENTATIONS = YES;
				CLANG_WARN_DIRECT_OBJC_ISA_USAGE = YES_ERROR;
				CLANG_WARN_DOCUMENTATION_COMMENTS = YES;
				CLANG_WARN_EMPTY_BODY = YES;
				CLANG_WARN_ENUM_CONVERSION = YES;
				CLANG_WARN_INFINITE_RECURSION = YES;
				CLANG_WARN_INT_CONVERSION = YES;
				CLANG_WARN_NON_LITERAL_NULL_CONVERSION = YES;
				CLANG_WARN_OBJC_IMPLICIT_RETAIN_SELF = YES;
				CLANG_WARN_OBJC_LITERAL_CONVERSION = YES;
				CLANG_WARN_OBJC_ROOT_CLASS = YES_ERROR;
				CLANG_WARN_QUOTED_INCLUDE_IN_FRAMEWORK_HEADER = YES;
				CLANG_WARN_RANGE_LOOP_ANALYSIS = YES;
				CLANG_WARN_STRICT_PROTOTYPES = YES;
				CLANG_WARN_SUSPICIOUS_MOVE = YES;
				CLANG_WARN_UNGUARDED_AVAILABILITY = YES_AGGRESSIVE;
				CLANG_WARN_UNREACHABLE_CODE = YES;
				CLANG_WARN__DUPLICATE_METHOD_MATCH = YES;
				COPY_PHASE_STRIP = NO;
				DEBUG_INFORMATION_FORMAT = "dwarf-with-dsym";
				ENABLE_NS_ASSERTIONS = NO;
				ENABLE_STRICT_OBJC_MSGSEND = YES;
				GCC_C_LANGUAGE_STANDARD = gnu11;
				GCC_NO_COMMON_BLOCKS = YES;
				GCC_WARN_64_TO_32_BIT_CONVERSION = YES;
				GCC_WARN_ABOUT_RETURN_TYPE = YES_ERROR;
				GCC_WARN_UNDECLARED_SELECTOR = YES;
				GCC_WARN_UNINITIALIZED_AUTOS = YES_AGGRESSIVE;
				GCC_WARN_UNUSED_FUNCTION = YES;
				GCC_WARN_UNUSED_VARIABLE = YES;
				IPHONEOS_DEPLOYMENT_TARGET = 16.1;
				MTL_ENABLE_DEBUG_INFO = NO;
				MTL_FAST_MATH = YES;
				SDKROOT = iphoneos;
				SWIFT_COMPILATION_MODE = wholemodule;
				SWIFT_OPTIMIZATION_LEVEL = "-O";
				VALIDATE_PRODUCT = YES;
			};
			name = Release;
		};
		520D5C572A965ADB00C82731 /* Debug */ = {
			isa = XCBuildConfiguration;
			buildSettings = {
				ASSETCATALOG_COMPILER_APPICON_NAME = AppIcon;
				ASSETCATALOG_COMPILER_GLOBAL_ACCENT_COLOR_NAME = AccentColor;
				CODE_SIGN_STYLE = Automatic;
				CURRENT_PROJECT_VERSION = 1;
				DEVELOPMENT_TEAM = 73U7Z45XKZ;
				GENERATE_INFOPLIST_FILE = YES;
				INFOPLIST_FILE = TheBestMovies/Info.plist;
				INFOPLIST_KEY_UIApplicationSupportsIndirectInputEvents = YES;
				INFOPLIST_KEY_UILaunchStoryboardName = LaunchScreen;
				INFOPLIST_KEY_UISupportedInterfaceOrientations_iPad = "UIInterfaceOrientationPortrait UIInterfaceOrientationPortraitUpsideDown UIInterfaceOrientationLandscapeLeft UIInterfaceOrientationLandscapeRight";
				INFOPLIST_KEY_UISupportedInterfaceOrientations_iPhone = "UIInterfaceOrientationPortrait UIInterfaceOrientationLandscapeLeft UIInterfaceOrientationLandscapeRight";
				IPHONEOS_DEPLOYMENT_TARGET = 13.1;
				LD_RUNPATH_SEARCH_PATHS = (
					"$(inherited)",
					"@executable_path/Frameworks",
				);
				MARKETING_VERSION = 1.0;
				PRODUCT_BUNDLE_IDENTIFIER = com.moviesTest.TheBestMovies;
				PRODUCT_NAME = "$(TARGET_NAME)";
				SUPPORTED_PLATFORMS = "iphoneos iphonesimulator";
				SUPPORTS_MACCATALYST = NO;
				SUPPORTS_MAC_DESIGNED_FOR_IPHONE_IPAD = NO;
				SWIFT_EMIT_LOC_STRINGS = YES;
				SWIFT_VERSION = 5.0;
				TARGETED_DEVICE_FAMILY = 1;
			};
			name = Debug;
		};
		520D5C582A965ADB00C82731 /* Release */ = {
			isa = XCBuildConfiguration;
			buildSettings = {
				ASSETCATALOG_COMPILER_APPICON_NAME = AppIcon;
				ASSETCATALOG_COMPILER_GLOBAL_ACCENT_COLOR_NAME = AccentColor;
				CODE_SIGN_STYLE = Automatic;
				CURRENT_PROJECT_VERSION = 1;
				DEVELOPMENT_TEAM = 73U7Z45XKZ;
				GENERATE_INFOPLIST_FILE = YES;
				INFOPLIST_FILE = TheBestMovies/Info.plist;
				INFOPLIST_KEY_UIApplicationSupportsIndirectInputEvents = YES;
				INFOPLIST_KEY_UILaunchStoryboardName = LaunchScreen;
				INFOPLIST_KEY_UISupportedInterfaceOrientations_iPad = "UIInterfaceOrientationPortrait UIInterfaceOrientationPortraitUpsideDown UIInterfaceOrientationLandscapeLeft UIInterfaceOrientationLandscapeRight";
				INFOPLIST_KEY_UISupportedInterfaceOrientations_iPhone = "UIInterfaceOrientationPortrait UIInterfaceOrientationLandscapeLeft UIInterfaceOrientationLandscapeRight";
				IPHONEOS_DEPLOYMENT_TARGET = 13.1;
				LD_RUNPATH_SEARCH_PATHS = (
					"$(inherited)",
					"@executable_path/Frameworks",
				);
				MARKETING_VERSION = 1.0;
				PRODUCT_BUNDLE_IDENTIFIER = com.moviesTest.TheBestMovies;
				PRODUCT_NAME = "$(TARGET_NAME)";
				SUPPORTED_PLATFORMS = "iphoneos iphonesimulator";
				SUPPORTS_MACCATALYST = NO;
				SUPPORTS_MAC_DESIGNED_FOR_IPHONE_IPAD = NO;
				SWIFT_EMIT_LOC_STRINGS = YES;
				SWIFT_VERSION = 5.0;
				TARGETED_DEVICE_FAMILY = 1;
			};
			name = Release;
		};
/* End XCBuildConfiguration section */

/* Begin XCConfigurationList section */
		520D5C3D2A965AD800C82731 /* Build configuration list for PBXProject "TheBestMovies" */ = {
			isa = XCConfigurationList;
			buildConfigurations = (
				520D5C542A965ADB00C82731 /* Debug */,
				520D5C552A965ADB00C82731 /* Release */,
			);
			defaultConfigurationIsVisible = 0;
			defaultConfigurationName = Release;
		};
		520D5C562A965ADB00C82731 /* Build configuration list for PBXNativeTarget "TheBestMovies" */ = {
			isa = XCConfigurationList;
			buildConfigurations = (
				520D5C572A965ADB00C82731 /* Debug */,
				520D5C582A965ADB00C82731 /* Release */,
			);
			defaultConfigurationIsVisible = 0;
			defaultConfigurationName = Release;
		};
/* End XCConfigurationList section */

/* Begin XCRemoteSwiftPackageReference section */
		520D5C832A968CF600C82731 /* XCRemoteSwiftPackageReference "SDWebImage" */ = {
			isa = XCRemoteSwiftPackageReference;
			repositoryURL = "https://github.com/SDWebImage/SDWebImage";
			requirement = {
				kind = upToNextMajorVersion;
				minimumVersion = 5.0.0;
			};
		};
/* End XCRemoteSwiftPackageReference section */

/* Begin XCSwiftPackageProductDependency section */
		520D5C842A968CF600C82731 /* SDWebImage */ = {
			isa = XCSwiftPackageProductDependency;
			package = 520D5C832A968CF600C82731 /* XCRemoteSwiftPackageReference "SDWebImage" */;
			productName = SDWebImage;
		};
/* End XCSwiftPackageProductDependency section */
	};
	rootObject = 520D5C3A2A965AD800C82731 /* Project object */;
}
